
Microsoft Visual Studio Solution File, Format Version 12.00
# Visual Studio Version 17
VisualStudioVersion = 17.13.35828.75
MinimumVisualStudioVersion = 10.0.40219.1
Project("{FAE04EC0-301F-11D3-BF4B-00C04F79EFBC}") = "SimpleApplicationAzure", "SimpleApplicationAzure\SimpleApplicationAzure.csproj", "{7C40D212-57CA-4FB1-9C44-520FDFDDC5F6}"
EndProject
Project("{54A90642-561A-4BB1-A94E-469ADEE60C69}") = "azuretablestorage.client", "AzureTableStorage\azuretablestorage.client\azuretablestorage.client.esproj", "{C13B72DC-A2AC-F1B9-EA76-204D094E0866}"
EndProject
Global
	GlobalSection(SolutionConfigurationPlatforms) = preSolution
		Debug|Any CPU = Debug|Any CPU
		Release|Any CPU = Release|Any CPU
	EndGlobalSection
	GlobalSection(ProjectConfigurationPlatforms) = postSolution
		{7C40D212-57CA-4FB1-9C44-520FDFDDC5F6}.Debug|Any CPU.ActiveCfg = Debug|Any CPU
		{7C40D212-57CA-4FB1-9C44-520FDFDDC5F6}.Debug|Any CPU.Build.0 = Debug|Any CPU
		{7C40D212-57CA-4FB1-9C44-520FDFDDC5F6}.Release|Any CPU.ActiveCfg = Release|Any CPU
		{7C40D212-57CA-4FB1-9C44-520FDFDDC5F6}.Release|Any CPU.Build.0 = Release|Any CPU
		{C13B72DC-A2AC-F1B9-EA76-204D094E0866}.Debug|Any CPU.ActiveCfg = Debug|Any CPU
		{C13B72DC-A2AC-F1B9-EA76-204D094E0866}.Debug|Any CPU.Build.0 = Debug|Any CPU
		{C13B72DC-A2AC-F1B9-EA76-204D094E0866}.Debug|Any CPU.Deploy.0 = Debug|Any CPU
		{C13B72DC-A2AC-F1B9-EA76-204D094E0866}.Release|Any CPU.ActiveCfg = Release|Any CPU
		{C13B72DC-A2AC-F1B9-EA76-204D094E0866}.Release|Any CPU.Build.0 = Release|Any CPU
		{C13B72DC-A2AC-F1B9-EA76-204D094E0866}.Release|Any CPU.Deploy.0 = Release|Any CPU
	EndGlobalSection
	GlobalSection(SolutionProperties) = preSolution
		HideSolutionNode = FALSE
	EndGlobalSection
	GlobalSection(ExtensibilityGlobals) = postSolution
		SolutionGuid = {74807E59-FA41-4995-990C-D6977D0C6489}
	EndGlobalSection
EndGlobal
